
Microsoft Visual Studio Solution File, Format Version 12.00
# Visual Studio Version 16
VisualStudioVersion = 16.0.29509.3
MinimumVisualStudioVersion = 10.0.40219.1
Project("{FAE04EC0-301F-11D3-BF4B-00C04F79EFBC}") = "AdessoRideShare.Web", "AdessoRideShare.Web\AdessoRideShare.Web.csproj", "{C8588B57-E658-4728-A212-C84765A0E8C1}"
EndProject
Project("{FAE04EC0-301F-11D3-BF4B-00C04F79EFBC}") = "AdessoRideShare.Business", "AdessoRideShare.Business\AdessoRideShare.Business.csproj", "{1CD47E07-E486-4108-86FA-F70F28A0A1A9}"
EndProject
Project("{FAE04EC0-301F-11D3-BF4B-00C04F79EFBC}") = "AdessoRideShare.Database", "AdessoRideShare.Database\AdessoRideShare.Database.csproj", "{95E49C31-5967-4BE2-89BA-B670005DD013}"
EndProject
Global
	GlobalSection(SolutionConfigurationPlatforms) = preSolution
		Debug|Any CPU = Debug|Any CPU
		Release|Any CPU = Release|Any CPU
	EndGlobalSection
	GlobalSection(ProjectConfigurationPlatforms) = postSolution
		{C8588B57-E658-4728-A212-C84765A0E8C1}.Debug|Any CPU.ActiveCfg = Debug|Any CPU
		{C8588B57-E658-4728-A212-C84765A0E8C1}.Debug|Any CPU.Build.0 = Debug|Any CPU
		{C8588B57-E658-4728-A212-C84765A0E8C1}.Release|Any CPU.ActiveCfg = Release|Any CPU
		{C8588B57-E658-4728-A212-C84765A0E8C1}.Release|Any CPU.Build.0 = Release|Any CPU
		{1CD47E07-E486-4108-86FA-F70F28A0A1A9}.Debug|Any CPU.ActiveCfg = Debug|Any CPU
		{1CD47E07-E486-4108-86FA-F70F28A0A1A9}.Debug|Any CPU.Build.0 = Debug|Any CPU
		{1CD47E07-E486-4108-86FA-F70F28A0A1A9}.Release|Any CPU.ActiveCfg = Release|Any CPU
		{1CD47E07-E486-4108-86FA-F70F28A0A1A9}.Release|Any CPU.Build.0 = Release|Any CPU
		{95E49C31-5967-4BE2-89BA-B670005DD013}.Debug|Any CPU.ActiveCfg = Debug|Any CPU
		{95E49C31-5967-4BE2-89BA-B670005DD013}.Debug|Any CPU.Build.0 = Debug|Any CPU
		{95E49C31-5967-4BE2-89BA-B670005DD013}.Release|Any CPU.ActiveCfg = Release|Any CPU
		{95E49C31-5967-4BE2-89BA-B670005DD013}.Release|Any CPU.Build.0 = Release|Any CPU
	EndGlobalSection
	GlobalSection(SolutionProperties) = preSolution
		HideSolutionNode = FALSE
	EndGlobalSection
	GlobalSection(ExtensibilityGlobals) = postSolution
		SolutionGuid = {0AAD6367-CC92-4250-A937-ED713A1AFEAB}
	EndGlobalSection
EndGlobal
